
Microsoft Visual Studio Solution File, Format Version 12.00
# Visual Studio Version 17
VisualStudioVersion = 17.9.34622.214
MinimumVisualStudioVersion = 10.0.40219.1
Project("{FAE04EC0-301F-11D3-BF4B-00C04F79EFBC}") = "InventoryManagement", "InventoryManagement\InventoryManagement.csproj", "{EF4F7BE8-72FD-4E5B-A1E4-1C59D2C18B14}"
EndProject
Global
	GlobalSection(SolutionConfigurationPlatforms) = preSolution
		Debug|Any CPU = Debug|Any CPU
		Release|Any CPU = Release|Any CPU
	EndGlobalSection
	GlobalSection(ProjectConfigurationPlatforms) = postSolution
		{EF4F7BE8-72FD-4E5B-A1E4-1C59D2C18B14}.Debug|Any CPU.ActiveCfg = Debug|Any CPU
		{EF4F7BE8-72FD-4E5B-A1E4-1C59D2C18B14}.Debug|Any CPU.Build.0 = Debug|Any CPU
		{EF4F7BE8-72FD-4E5B-A1E4-1C59D2C18B14}.Release|Any CPU.ActiveCfg = Release|Any CPU
		{EF4F7BE8-72FD-4E5B-A1E4-1C59D2C18B14}.Release|Any CPU.Build.0 = Release|Any CPU
	EndGlobalSection
	GlobalSection(SolutionProperties) = preSolution
		HideSolutionNode = FALSE
	EndGlobalSection
	GlobalSection(ExtensibilityGlobals) = postSolution
		SolutionGuid = {04960286-022A-4D19-B080-F8D8EF85FFB0}
	EndGlobalSection
EndGlobal
